
Microsoft Visual Studio Solution File, Format Version 12.00
# Visual Studio Version 17
VisualStudioVersion = 17.4.33213.308
MinimumVisualStudioVersion = 10.0.40219.1
Project("{FAE04EC0-301F-11D3-BF4B-00C04F79EFBC}") = "aaaaaa", "aaaaaa\aaaaaa.csproj", "{FC5FC844-816D-4FB1-BB24-E1732ABD79DE}"
EndProject
Global
	GlobalSection(SolutionConfigurationPlatforms) = preSolution
		Debug|Any CPU = Debug|Any CPU
		Release|Any CPU = Release|Any CPU
	EndGlobalSection
	GlobalSection(ProjectConfigurationPlatforms) = postSolution
		{FC5FC844-816D-4FB1-BB24-E1732ABD79DE}.Debug|Any CPU.ActiveCfg = Debug|Any CPU
		{FC5FC844-816D-4FB1-BB24-E1732ABD79DE}.Debug|Any CPU.Build.0 = Debug|Any CPU
		{FC5FC844-816D-4FB1-BB24-E1732ABD79DE}.Release|Any CPU.ActiveCfg = Release|Any CPU
		{FC5FC844-816D-4FB1-BB24-E1732ABD79DE}.Release|Any CPU.Build.0 = Release|Any CPU
	EndGlobalSection
	GlobalSection(SolutionProperties) = preSolution
		HideSolutionNode = FALSE
	EndGlobalSection
	GlobalSection(ExtensibilityGlobals) = postSolution
		SolutionGuid = {52098E45-1712-48F7-8208-AC9E3871AAE8}
	EndGlobalSection
EndGlobal
